PODS:
  - Flutter (1.0.0)
  - integration_test (0.0.1):
    - Flutter
  - zettle_paypal_flutter (0.0.1):
    - Flutter

DEPENDENCIES:
  - Flutter (from `Flutter`)
  - integration_test (from `.symlinks/plugins/integration_test/ios`)
  - zettle_paypal_flutter (from `.symlinks/plugins/zettle_paypal_flutter/ios`)

EXTERNAL SOURCES:
  Flutter:
    :path: Flutter
  integration_test:
    :path: ".symlinks/plugins/integration_test/ios"
  zettle_paypal_flutter:
    :path: ".symlinks/plugins/zettle_paypal_flutter/ios"

SPEC CHECKSUMS:
  Flutter: e0871f40cf51350855a761d2e70bf5af5b9b5de7
  integration_test: 4a889634ef21a45d28d50d622cf412dc6d9f586e
  zettle_paypal_flutter: e1ea5cf6ba24fd2f879544d842b588f3f9abdf05

PODFILE CHECKSUM: 20e260c9bb3f61194c661a4ba028da86e4f3ed96

COCOAPODS: 1.16.2
